<?xml version="1.0" encoding="utf-8"?>
<Project ToolsVersion="4.0" xmlns="http://schemas.microsoft.com/developer/msbuild/2003">
  <ItemGroup>
    <Filter Include="소스 파일">
      <UniqueIdentifier>{4FC737F1-C7A5-4376-A066-2A32D752A2FF}</UniqueIdentifier>
      <Extensions>cpp;c;cc;cxx;c++;cppm;ixx;def;odl;idl;hpj;bat;asm;asmx</Extensions>
    </Filter>
    <Filter Include="헤더 파일">
      <UniqueIdentifier>{93995380-89BD-4b04-88EB-625FBE52EBFB}</UniqueIdentifier>
      <Extensions>h;hh;hpp;hxx;h++;hm;inl;inc;ipp;xsd</Extensions>
    </Filter>
    <Filter Include="리소스 파일">
      <UniqueIdentifier>{67DA6AB6-F800-4c08-8B7A-83BB121AAD01}</UniqueIdentifier>
      <Extensions>rc;ico;cur;bmp;dlg;rc2;rct;bin;rgs;gif;jpg;jpeg;jpe;resx;tiff;tif;png;wav;mfcribbon-ms</Extensions>
    </Filter>
    <Filter Include="2DGameFramework">
      <UniqueIdentifier>{ba8bdc39-9067-4828-96e3-719f61c33d30}</UniqueIdentifier>
    </Filter>
    <Filter Include="playGround">
      <UniqueIdentifier>{34b095ee-d64d-489f-b16a-13a487a2785c}</UniqueIdentifier>
    </Filter>
    <Filter Include="2DGameFramework\SingletonBase">
      <UniqueIdentifier>{cac2ab34-4d73-46ea-97f2-7d9acc367059}</UniqueIdentifier>
    </Filter>
    <Filter Include="2DGameFramework\Manager">
      <UniqueIdentifier>{2a6d731d-abd3-4944-95be-8cca4c6a010a}</UniqueIdentifier>
    </Filter>
    <Filter Include="2DGameFramework\image">
      <UniqueIdentifier>{b1bf7eed-19fc-41b5-8812-017dc3aa3896}</UniqueIdentifier>
    </Filter>
    <Filter Include="2DGameFramework\utils">
      <UniqueIdentifier>{38b0b000-a241-4986-a7ac-bd45100cda07}</UniqueIdentifier>
    </Filter>
    <Filter Include="2DGameFramework\progressBar">
      <UniqueIdentifier>{b9f057d8-882b-4b92-a04b-a67d9e2170c4}</UniqueIdentifier>
    </Filter>
    <Filter Include="2DGameFramework\txtData">
      <UniqueIdentifier>{93a2e62b-e640-4955-8bea-f3477230fca7}</UniqueIdentifier>
    </Filter>
    <Filter Include="2DGameFramework\timer">
      <UniqueIdentifier>{0e16c126-51df-40da-8408-1868e05c734e}</UniqueIdentifier>
    </Filter>
    <Filter Include="2DGameFramework\animation">
      <UniqueIdentifier>{fb282897-0ee8-4aa2-97b7-4d5ac8dfbfd2}</UniqueIdentifier>
    </Filter>
    <Filter Include="2DGameFramework\effect">
      <UniqueIdentifier>{107425da-d258-4b46-bbed-bc80d6d5c5c9}</UniqueIdentifier>
    </Filter>
    <Filter Include="2DGameFramework\action">
      <UniqueIdentifier>{81de8821-7ec3-46c4-8061-18c9a68e47b1}</UniqueIdentifier>
    </Filter>
    <Filter Include="2DGameFramework\button">
      <UniqueIdentifier>{7cafbb26-69f9-42f6-adf0-8c0bcab2139a}</UniqueIdentifier>
    </Filter>
    <Filter Include="playGround\A%2aStar">
      <UniqueIdentifier>{757c8419-2eba-44f3-83a2-338ee2362d1a}</UniqueIdentifier>
    </Filter>
    <Filter Include="playGround\Enemy">
      <UniqueIdentifier>{6f071cbd-702b-407e-91cc-34760a179bc2}</UniqueIdentifier>
    </Filter>
    <Filter Include="playGround\Scene">
      <UniqueIdentifier>{753cad3b-4998-481a-9411-4a1cd0fe1b91}</UniqueIdentifier>
    </Filter>
    <Filter Include="playGround\GameData">
      <UniqueIdentifier>{14b7bbf3-d3a2-4154-b1e3-9839a550ee82}</UniqueIdentifier>
    </Filter>
    <Filter Include="playGround\Npc">
      <UniqueIdentifier>{26d8f4e3-610f-47e5-8c78-4cc10f22c857}</UniqueIdentifier>
    </Filter>
    <Filter Include="playGround\Npc\NpcManager">
      <UniqueIdentifier>{32b6fe4e-8ae5-4e51-b611-283c51d09de7}</UniqueIdentifier>
    </Filter>
    <Filter Include="playGround\UserInterface">
      <UniqueIdentifier>{57af10ed-1cdd-41d0-b3be-0be62a044f1b}</UniqueIdentifier>
    </Filter>
    <Filter Include="playGround\Object">
      <UniqueIdentifier>{b8af07b3-47a9-422d-9fe4-a115faad2e18}</UniqueIdentifier>
    </Filter>
    <Filter Include="playGround\Object\objectClass">
      <UniqueIdentifier>{38b8a5a6-79eb-4e53-8eff-0e7931ad99d1}</UniqueIdentifier>
    </Filter>
    <Filter Include="playGround\Object\objectClass\Weapon">
      <UniqueIdentifier>{2f0b67ee-8639-497c-af29-bc6343ba7b01}</UniqueIdentifier>
    </Filter>
    <Filter Include="playGround\Object\objectClass\Crop">
      <UniqueIdentifier>{130982d6-cb19-43ee-82f0-ee7d04144531}</UniqueIdentifier>
    </Filter>
    <Filter Include="playGround\Object\objectClass\Ore">
      <UniqueIdentifier>{1dffb600-c7a1-4a18-9fab-541de5418f38}</UniqueIdentifier>
    </Filter>
    <Filter Include="playGround\Object\objectClass\Fish">
      <UniqueIdentifier>{7955452f-6b2b-4f0f-8432-a64d6f61e0ff}</UniqueIdentifier>
    </Filter>
    <Filter Include="playGround\Object\objectManager">
      <UniqueIdentifier>{cf41ccd9-2877-4d15-9825-4769a35641ef}</UniqueIdentifier>
    </Filter>
    <Filter Include="playGround\Object\object" />
    <Filter Include="playGround\Inventory">
      <UniqueIdentifier>{e5fcde7e-b654-4007-bf8a-036c93e87401}</UniqueIdentifier>
    </Filter>
    <Filter Include="playGround\Entity">
      <UniqueIdentifier>{7dd8f635-9d24-45fb-85d4-875859a2ffd6}</UniqueIdentifier>
    </Filter>
    <Filter Include="playGround\Object\objectClass\BASIC_RESOURCE">
      <UniqueIdentifier>{c4220d7e-4aac-44a2-af74-d6d22a7fee92}</UniqueIdentifier>
    </Filter>
    <Filter Include="playGround\Object\objectClass\ToolNoUse">
      <UniqueIdentifier>{80518842-e02e-45d7-b271-c2750c3aba36}</UniqueIdentifier>
    </Filter>
    <Filter Include="playGround\Object\objectClass\Ore\Seed">
      <UniqueIdentifier>{d897d97f-9e90-4e9c-af9e-151c7161cf5e}</UniqueIdentifier>
    </Filter>
    <Filter Include="playGround\Object\objectClass\Craf">
      <UniqueIdentifier>{cea17dfa-d740-4f4b-b7e6-c465a56e17c9}</UniqueIdentifier>
    </Filter>
    <Filter Include="playGround\Fishing">
      <UniqueIdentifier>{8ce012db-9d04-41d8-ac8e-f4eb85487a35}</UniqueIdentifier>
    </Filter>
    <Filter Include="playGround\Maptool">
      <UniqueIdentifier>{3ab748b0-26ea-4328-b181-67ca00ca3f62}</UniqueIdentifier>
    </Filter>
    <Filter Include="playGround\Player">
      <UniqueIdentifier>{bb673785-bd21-48d0-a20b-55747b92b4ad}</UniqueIdentifier>
    </Filter>
    <Filter Include="playGround\Player\playerState">
      <UniqueIdentifier>{86accd69-7c0c-40a8-bf4b-87283cdbd30f}</UniqueIdentifier>
    </Filter>
    <Filter Include="playGround\Item">
      <UniqueIdentifier>{947e6709-ecd6-43ac-8508-cb125a78d8a4}</UniqueIdentifier>
    </Filter>
    <Filter Include="playGround\Item\item">
      <UniqueIdentifier>{05d740ba-107b-4721-a315-7af36ad188de}</UniqueIdentifier>
    </Filter>
    <Filter Include="playGround\Item\itemManager">
      <UniqueIdentifier>{919f3687-b8c8-427c-915e-b03c4a09e37a}</UniqueIdentifier>
    </Filter>
    <Filter Include="playGround\Item\itemClass">
      <UniqueIdentifier>{88492d57-1a12-4dfd-8969-43ebf572615b}</UniqueIdentifier>
    </Filter>
    <Filter Include="playGround\Item\itemClass\TOOL">
      <UniqueIdentifier>{9c7a76c3-f430-47ff-b0b6-005a42e56c61}</UniqueIdentifier>
    </Filter>
    <Filter Include="playGround\Item\itemClass\ORE">
      <UniqueIdentifier>{9b655078-3550-46f4-a04b-077e61da5be7}</UniqueIdentifier>
    </Filter>
    <Filter Include="playGround\Item\itemClass\SEED">
      <UniqueIdentifier>{0a4e591b-6f64-4206-9f7a-43ddbb216097}</UniqueIdentifier>
    </Filter>
    <Filter Include="playGround\Item\itemClass\FISH">
      <UniqueIdentifier>{9fe57a41-21e6-403a-a178-ef8fdfbd3ceb}</UniqueIdentifier>
    </Filter>
    <Filter Include="playGround\Item\itemClass\CRAFT_ITEM">
      <UniqueIdentifier>{fa7d4bcc-bf95-4ec2-b27b-9e51f0edf2cd}</UniqueIdentifier>
    </Filter>
    <Filter Include="playGround\Item\itemClass\BASIC_RESOURCE">
      <UniqueIdentifier>{03c88335-f50a-4829-ab07-bcb4aa3564b3}</UniqueIdentifier>
    </Filter>
    <Filter Include="playGround\Item\itemClass\WEAPON">
      <UniqueIdentifier>{5168e6d2-7d19-48bd-ac41-7b7a4da7b947}</UniqueIdentifier>
    </Filter>
    <Filter Include="playGround\Item\itemClass\CROP">
      <UniqueIdentifier>{f249bf8b-bae6-482c-b6f6-e7ff191d9b6d}</UniqueIdentifier>
    </Filter>
  </ItemGroup>
  <ItemGroup>
    <ClInclude Include="targetver.h">
      <Filter>헤더 파일</Filter>
    </ClInclude>
    <ClInclude Include="Resource.h">
      <Filter>헤더 파일</Filter>
    </ClInclude>
    <ClInclude Include="pch.h">
      <Filter>헤더 파일</Filter>
    </ClInclude>
    <ClInclude Include="commonMacroFunction.h">
      <Filter>헤더 파일</Filter>
    </ClInclude>
    <ClInclude Include="gameNode.h">
      <Filter>2DGameFramework</Filter>
    </ClInclude>
    <ClInclude Include="playGround.h">
      <Filter>playGround</Filter>
    </ClInclude>
    <ClInclude Include="singletonBase.h">
      <Filter>2DGameFramework\SingletonBase</Filter>
    </ClInclude>
    <ClInclude Include="randomFunction.h">
      <Filter>헤더 파일</Filter>
    </ClInclude>
    <ClInclude Include="keyManager.h">
      <Filter>2DGameFramework\Manager</Filter>
    </ClInclude>
    <ClInclude Include="image.h">
      <Filter>2DGameFramework\image</Filter>
    </ClInclude>
    <ClInclude Include="utils.h">
      <Filter>2DGameFramework\utils</Filter>
    </ClInclude>
    <ClInclude Include="imageManager.h">
      <Filter>2DGameFramework\Manager</Filter>
    </ClInclude>
    <ClInclude Include="progressBar.h">
      <Filter>2DGameFramework\progressBar</Filter>
    </ClInclude>
    <ClInclude Include="txtData.h">
      <Filter>2DGameFramework\txtData</Filter>
    </ClInclude>
    <ClInclude Include="timer.h">
      <Filter>2DGameFramework\timer</Filter>
    </ClInclude>
    <ClInclude Include="timeManager.h">
      <Filter>2DGameFramework\Manager</Filter>
    </ClInclude>
    <ClInclude Include="animation.h">
      <Filter>2DGameFramework\animation</Filter>
    </ClInclude>
    <ClInclude Include="effect.h">
      <Filter>2DGameFramework\effect</Filter>
    </ClInclude>
    <ClInclude Include="effectManager.h">
      <Filter>2DGameFramework\Manager</Filter>
    </ClInclude>
    <ClInclude Include="sceneManager.h">
      <Filter>2DGameFramework\Manager</Filter>
    </ClInclude>
    <ClInclude Include="soundManager.h">
      <Filter>2DGameFramework\Manager</Filter>
    </ClInclude>
    <ClInclude Include="action.h">
      <Filter>2DGameFramework\action</Filter>
    </ClInclude>
    <ClInclude Include="button.h">
      <Filter>2DGameFramework\button</Filter>
    </ClInclude>
    <ClInclude Include="keyAniManager.h">
      <Filter>2DGameFramework\Manager</Filter>
    </ClInclude>
    <ClInclude Include="iniDataManager.h">
      <Filter>2DGameFramework\Manager</Filter>
    </ClInclude>
    <ClInclude Include="aStarTest.h">
      <Filter>playGround\A%2aStar</Filter>
    </ClInclude>
    <ClInclude Include="tile.h">
      <Filter>playGround\A%2aStar</Filter>
    </ClInclude>
    <ClInclude Include="loadingScene.h">
      <Filter>playGround\Scene</Filter>
    </ClInclude>
    <ClInclude Include="playerScene.h">
      <Filter>playGround\Scene</Filter>
    </ClInclude>
    <ClInclude Include="CameraManager.h">
      <Filter>2DGameFramework\Manager</Filter>
    </ClInclude>
    <ClInclude Include="entity.h">
      <Filter>playGround\Entity</Filter>
    </ClInclude>
    <ClInclude Include="RenderManager.h">
      <Filter>2DGameFramework\Manager</Filter>
    </ClInclude>
    <ClInclude Include="object.h">
      <Filter>playGround\Object\object</Filter>
    </ClInclude>
    <ClInclude Include="objectManager.h">
      <Filter>playGround\Object\objectManager</Filter>
    </ClInclude>
    <ClInclude Include="objectScene.h">
      <Filter>playGround\Scene</Filter>
    </ClInclude>
    <ClInclude Include="openingScene.h">
      <Filter>playGround\Scene</Filter>
    </ClInclude>
    <ClInclude Include="Clock.h">
      <Filter>playGround\UserInterface</Filter>
    </ClInclude>
    <ClInclude Include="mainMenuScene.h">
      <Filter>playGround\Scene</Filter>
    </ClInclude>
    <ClInclude Include="axe.h">
      <Filter>playGround\Object\objectClass\ToolNoUse</Filter>
    </ClInclude>
    <ClInclude Include="hoe.h">
      <Filter>playGround\Object\objectClass\ToolNoUse</Filter>
    </ClInclude>
    <ClInclude Include="can.h">
      <Filter>playGround\Object\objectClass\ToolNoUse</Filter>
    </ClInclude>
    <ClInclude Include="pickAxe.h">
      <Filter>playGround\Object\objectClass\ToolNoUse</Filter>
    </ClInclude>
    <ClInclude Include="rod.h">
      <Filter>playGround\Object\objectClass\ToolNoUse</Filter>
    </ClInclude>
    <ClInclude Include="cauliFlower.h">
      <Filter>playGround\Object\objectClass\Crop</Filter>
    </ClInclude>
    <ClInclude Include="kale.h">
      <Filter>playGround\Object\objectClass\Crop</Filter>
    </ClInclude>
    <ClInclude Include="parsnip.h">
      <Filter>playGround\Object\objectClass\Crop</Filter>
    </ClInclude>
    <ClInclude Include="potato.h">
      <Filter>playGround\Object\objectClass\Crop</Filter>
    </ClInclude>
    <ClInclude Include="kaleSeed.h">
      <Filter>playGround\Object\objectClass\Ore\Seed</Filter>
    </ClInclude>
    <ClInclude Include="parsnipSeed.h">
      <Filter>playGround\Object\objectClass\Ore\Seed</Filter>
    </ClInclude>
    <ClInclude Include="potatoSeed.h">
      <Filter>playGround\Object\objectClass\Ore\Seed</Filter>
    </ClInclude>
    <ClInclude Include="cauliFlowerSeed.h">
      <Filter>playGround\Object\objectClass\Ore\Seed</Filter>
    </ClInclude>
    <ClInclude Include="copper.h">
      <Filter>playGround\Object\objectClass\Ore</Filter>
    </ClInclude>
    <ClInclude Include="gold.h">
      <Filter>playGround\Object\objectClass\Ore</Filter>
    </ClInclude>
    <ClInclude Include="iron.h">
      <Filter>playGround\Object\objectClass\Ore</Filter>
    </ClInclude>
    <ClInclude Include="slingShot.h">
      <Filter>playGround\Object\objectClass\Weapon</Filter>
    </ClInclude>
    <ClInclude Include="sword.h">
      <Filter>playGround\Object\objectClass\Weapon</Filter>
    </ClInclude>
    <ClInclude Include="haliBut.h">
      <Filter>playGround\Object\objectClass\Fish</Filter>
    </ClInclude>
    <ClInclude Include="pufferFish.h">
      <Filter>playGround\Object\objectClass\Fish</Filter>
    </ClInclude>
    <ClInclude Include="tuna.h">
      <Filter>playGround\Object\objectClass\Fish</Filter>
    </ClInclude>
    <ClInclude Include="inventory.h">
      <Filter>playGround\Inventory</Filter>
    </ClInclude>
    <ClInclude Include="MouseSetting.h">
      <Filter>playGround\UserInterface</Filter>
    </ClInclude>
    <ClInclude Include="UserInterface.h">
      <Filter>playGround\UserInterface</Filter>
    </ClInclude>
    <ClInclude Include="RockStone.h">
      <Filter>playGround\Enemy</Filter>
    </ClInclude>
    <ClInclude Include="EnemyManager.h">
      <Filter>playGround\Enemy</Filter>
    </ClInclude>
    <ClInclude Include="Enemy.h">
      <Filter>playGround\Enemy</Filter>
    </ClInclude>
    <ClInclude Include="EnemyState.h">
      <Filter>playGround\Enemy</Filter>
    </ClInclude>
    <ClInclude Include="enemyTestScene.h">
      <Filter>playGround\Enemy</Filter>
    </ClInclude>
    <ClInclude Include="sickle.h">
      <Filter>playGround\Object\objectClass\ToolNoUse</Filter>
    </ClInclude>
    <ClInclude Include="item.h">
      <Filter>playGround\Item\item</Filter>
    </ClInclude>
    <ClInclude Include="itemManager.h">
      <Filter>playGround\Item\itemManager</Filter>
    </ClInclude>
    <ClInclude Include="itemNull.h">
      <Filter>playGround\Item\itemClass</Filter>
    </ClInclude>
    <ClInclude Include="player.h">
      <Filter>playGround\Player</Filter>
    </ClInclude>
    <ClInclude Include="playerState.h">
      <Filter>playGround\Player\playerState</Filter>
    </ClInclude>
    <ClInclude Include="gameData.h">
      <Filter>playGround\GameData</Filter>
    </ClInclude>
    <ClInclude Include="Map.h">
      <Filter>playGround\Maptool</Filter>
    </ClInclude>
    <ClInclude Include="wizard.h">
      <Filter>playGround\Npc</Filter>
    </ClInclude>
    <ClInclude Include="marnie.h">
      <Filter>playGround\Npc</Filter>
    </ClInclude>
    <ClInclude Include="npcManager.h">
      <Filter>playGround\Npc\NpcManager</Filter>
    </ClInclude>
    <ClInclude Include="itemAxe.h">
      <Filter>playGround\Item\itemClass\TOOL</Filter>
    </ClInclude>
    <ClInclude Include="itemCan.h">
      <Filter>playGround\Item\itemClass\TOOL</Filter>
    </ClInclude>
    <ClInclude Include="itemHoe.h">
      <Filter>playGround\Item\itemClass\TOOL</Filter>
    </ClInclude>
    <ClInclude Include="itemPickAxe.h">
      <Filter>playGround\Item\itemClass\TOOL</Filter>
    </ClInclude>
    <ClInclude Include="itemSickle.h">
      <Filter>playGround\Item\itemClass\TOOL</Filter>
    </ClInclude>
    <ClInclude Include="itemCauliSeed.h">
      <Filter>playGround\Item\itemClass\SEED</Filter>
    </ClInclude>
    <ClInclude Include="itemKaleSeed.h">
      <Filter>playGround\Item\itemClass\SEED</Filter>
    </ClInclude>
    <ClInclude Include="itemParsnipSeed.h">
      <Filter>playGround\Item\itemClass\SEED</Filter>
    </ClInclude>
    <ClInclude Include="itemPotatoSeed.h">
      <Filter>playGround\Item\itemClass\SEED</Filter>
    </ClInclude>
    <ClInclude Include="itemBox.h">
      <Filter>playGround\Item\itemClass\CRAFT_ITEM</Filter>
    </ClInclude>
    <ClInclude Include="itemCauliFlower.h">
      <Filter>playGround\Item\itemClass\CROP</Filter>
    </ClInclude>
    <ClInclude Include="itemGold.h">
      <Filter>playGround\Item\itemClass\ORE</Filter>
    </ClInclude>
    <ClInclude Include="itemCopper.h">
      <Filter>playGround\Item\itemClass\ORE</Filter>
    </ClInclude>
    <ClInclude Include="itemIron.h">
      <Filter>playGround\Item\itemClass\ORE</Filter>
    </ClInclude>
    <ClInclude Include="itemFurNance.h">
      <Filter>playGround\Item\itemClass\CRAFT_ITEM</Filter>
    </ClInclude>
    <ClInclude Include="itemScareCrow1.h">
      <Filter>playGround\Item\itemClass\CRAFT_ITEM</Filter>
    </ClInclude>
    <ClInclude Include="itemScareCrow2.h">
      <Filter>playGround\Item\itemClass\CRAFT_ITEM</Filter>
    </ClInclude>
    <ClInclude Include="itemTuna.h">
      <Filter>playGround\Item\itemClass\FISH</Filter>
    </ClInclude>
    <ClInclude Include="itemPufferFish.h">
      <Filter>playGround\Item\itemClass\FISH</Filter>
    </ClInclude>
    <ClInclude Include="itemHaliBut.h">
      <Filter>playGround\Item\itemClass\FISH</Filter>
    </ClInclude>
    <ClInclude Include="itemKale.h">
      <Filter>playGround\Item\itemClass\CROP</Filter>
    </ClInclude>
    <ClInclude Include="itemParsnip.h">
      <Filter>playGround\Item\itemClass\CROP</Filter>
    </ClInclude>
    <ClInclude Include="itemPotato.h">
      <Filter>playGround\Item\itemClass\CROP</Filter>
    </ClInclude>
    <ClInclude Include="itemSlingShot.h">
      <Filter>playGround\Item\itemClass\WEAPON</Filter>
    </ClInclude>
    <ClInclude Include="itemSword.h">
      <Filter>playGround\Item\itemClass\WEAPON</Filter>
    </ClInclude>
    <ClInclude Include="itemStone.h">
      <Filter>playGround\Item\itemClass\BASIC_RESOURCE</Filter>
    </ClInclude>
    <ClInclude Include="itemWood.h">
      <Filter>playGround\Item\itemClass\BASIC_RESOURCE</Filter>
    </ClInclude>
    <ClInclude Include="itemRod.h">
      <Filter>playGround\Item\itemClass\TOOL</Filter>
    </ClInclude>
    <ClInclude Include="wood.h">
      <Filter>playGround\Object\objectClass\BASIC_RESOURCE</Filter>
    </ClInclude>
    <ClInclude Include="stone.h">
      <Filter>playGround\Object\objectClass\BASIC_RESOURCE</Filter>
    </ClInclude>
    <ClInclude Include="gameScene.h">
      <Filter>playGround\Scene</Filter>
    </ClInclude>
    <ClInclude Include="Box.h">
      <Filter>playGround\Object\objectClass\Craf</Filter>
    </ClInclude>
    <ClInclude Include="furnance.h">
      <Filter>playGround\Object\objectClass\Craf</Filter>
    </ClInclude>
    <ClInclude Include="scarecrow1.h">
      <Filter>playGround\Object\objectClass\Craf</Filter>
    </ClInclude>
    <ClInclude Include="scarecrow2.h">
      <Filter>playGround\Object\objectClass\Craf</Filter>
    </ClInclude>
    <ClInclude Include="Fishing.h">
      <Filter>playGround\Fishing</Filter>
    </ClInclude>
    <ClInclude Include="homeMap.h">
      <Filter>playGround</Filter>
    </ClInclude>
    <ClInclude Include="boxInventory.h">
      <Filter>playGround\Object</Filter>
    </ClInclude>
  </ItemGroup>
  <ItemGroup>
    <ClCompile Include="WindowsAPI.cpp">
      <Filter>소스 파일</Filter>
    </ClCompile>
    <ClCompile Include="pch.cpp">
      <Filter>소스 파일</Filter>
    </ClCompile>
    <ClCompile Include="gameNode.cpp">
      <Filter>2DGameFramework</Filter>
    </ClCompile>
    <ClCompile Include="playGround.cpp">
      <Filter>playGround</Filter>
    </ClCompile>
    <ClCompile Include="keyManager.cpp">
      <Filter>2DGameFramework\Manager</Filter>
    </ClCompile>
    <ClCompile Include="image.cpp">
      <Filter>2DGameFramework\image</Filter>
    </ClCompile>
    <ClCompile Include="utils.cpp">
      <Filter>2DGameFramework\utils</Filter>
    </ClCompile>
    <ClCompile Include="imageManager.cpp">
      <Filter>2DGameFramework\Manager</Filter>
    </ClCompile>
    <ClCompile Include="progressBar.cpp">
      <Filter>2DGameFramework\progressBar</Filter>
    </ClCompile>
    <ClCompile Include="txtData.cpp">
      <Filter>2DGameFramework\txtData</Filter>
    </ClCompile>
    <ClCompile Include="timer.cpp">
      <Filter>2DGameFramework\timer</Filter>
    </ClCompile>
    <ClCompile Include="timeManager.cpp">
      <Filter>2DGameFramework\Manager</Filter>
    </ClCompile>
    <ClCompile Include="animation.cpp">
      <Filter>2DGameFramework\animation</Filter>
    </ClCompile>
    <ClCompile Include="effect.cpp">
      <Filter>2DGameFramework\effect</Filter>
    </ClCompile>
    <ClCompile Include="effectManager.cpp">
      <Filter>2DGameFramework\Manager</Filter>
    </ClCompile>
    <ClCompile Include="sceneManager.cpp">
      <Filter>2DGameFramework\Manager</Filter>
    </ClCompile>
    <ClCompile Include="soundManager.cpp">
      <Filter>2DGameFramework\Manager</Filter>
    </ClCompile>
    <ClCompile Include="action.cpp">
      <Filter>2DGameFramework\action</Filter>
    </ClCompile>
    <ClCompile Include="button.cpp">
      <Filter>2DGameFramework\button</Filter>
    </ClCompile>
    <ClCompile Include="keyAniManager.cpp">
      <Filter>2DGameFramework\Manager</Filter>
    </ClCompile>
    <ClCompile Include="iniDataManager.cpp">
      <Filter>2DGameFramework\Manager</Filter>
    </ClCompile>
    <ClCompile Include="aStarTest.cpp">
      <Filter>playGround\A%2aStar</Filter>
    </ClCompile>
    <ClCompile Include="tile.cpp">
      <Filter>playGround\A%2aStar</Filter>
    </ClCompile>
    <ClCompile Include="loadingScene.cpp">
      <Filter>playGround\Scene</Filter>
    </ClCompile>
    <ClCompile Include="playerScene.cpp">
      <Filter>playGround\Scene</Filter>
    </ClCompile>
    <ClCompile Include="CameraManager.cpp">
      <Filter>2DGameFramework\Manager</Filter>
    </ClCompile>
    <ClCompile Include="entity.cpp">
      <Filter>playGround\Entity</Filter>
    </ClCompile>
    <ClCompile Include="RenderManager.cpp">
      <Filter>2DGameFramework\Manager</Filter>
    </ClCompile>
    <ClCompile Include="object.cpp">
      <Filter>playGround\Object\object</Filter>
    </ClCompile>
    <ClCompile Include="objectManager.cpp">
      <Filter>playGround\Object\objectManager</Filter>
    </ClCompile>
    <ClCompile Include="openingScene.cpp">
      <Filter>playGround\Scene</Filter>
    </ClCompile>
    <ClCompile Include="objectScene.cpp">
      <Filter>playGround\Scene</Filter>
    </ClCompile>
    <ClCompile Include="Clock.cpp">
      <Filter>playGround\UserInterface</Filter>
    </ClCompile>
    <ClCompile Include="mainMenuScene.cpp">
      <Filter>playGround\Scene</Filter>
    </ClCompile>
    <ClCompile Include="axe.cpp">
      <Filter>playGround\Object\objectClass\ToolNoUse</Filter>
    </ClCompile>
    <ClCompile Include="can.cpp">
      <Filter>playGround\Object\objectClass\ToolNoUse</Filter>
    </ClCompile>
    <ClCompile Include="hoe.cpp">
      <Filter>playGround\Object\objectClass\ToolNoUse</Filter>
    </ClCompile>
    <ClCompile Include="pickAxe.cpp">
      <Filter>playGround\Object\objectClass\ToolNoUse</Filter>
    </ClCompile>
    <ClCompile Include="rod.cpp">
      <Filter>playGround\Object\objectClass\ToolNoUse</Filter>
    </ClCompile>
    <ClCompile Include="sword.cpp">
      <Filter>playGround\Object\objectClass\Weapon</Filter>
    </ClCompile>
    <ClCompile Include="slingShot.cpp">
      <Filter>playGround\Object\objectClass\Weapon</Filter>
    </ClCompile>
    <ClCompile Include="cauliFlower.cpp">
      <Filter>playGround\Object\objectClass\Crop</Filter>
    </ClCompile>
    <ClCompile Include="kale.cpp">
      <Filter>playGround\Object\objectClass\Crop</Filter>
    </ClCompile>
    <ClCompile Include="parsnip.cpp">
      <Filter>playGround\Object\objectClass\Crop</Filter>
    </ClCompile>
    <ClCompile Include="potato.cpp">
      <Filter>playGround\Object\objectClass\Crop</Filter>
    </ClCompile>
    <ClCompile Include="cauliFlowerSeed.cpp">
      <Filter>playGround\Object\objectClass\Ore\Seed</Filter>
    </ClCompile>
    <ClCompile Include="kaleSeed.cpp">
      <Filter>playGround\Object\objectClass\Ore\Seed</Filter>
    </ClCompile>
    <ClCompile Include="parsnipSeed.cpp">
      <Filter>playGround\Object\objectClass\Ore\Seed</Filter>
    </ClCompile>
    <ClCompile Include="potatoSeed.cpp">
      <Filter>playGround\Object\objectClass\Ore\Seed</Filter>
    </ClCompile>
    <ClCompile Include="copper.cpp">
      <Filter>playGround\Object\objectClass\Ore</Filter>
    </ClCompile>
    <ClCompile Include="gold.cpp">
      <Filter>playGround\Object\objectClass\Ore</Filter>
    </ClCompile>
    <ClCompile Include="iron.cpp">
      <Filter>playGround\Object\objectClass\Ore</Filter>
    </ClCompile>
    <ClCompile Include="haliBut.cpp">
      <Filter>playGround\Object\objectClass\Fish</Filter>
    </ClCompile>
    <ClCompile Include="pufferFish.cpp">
      <Filter>playGround\Object\objectClass\Fish</Filter>
    </ClCompile>
    <ClCompile Include="tuna.cpp">
      <Filter>playGround\Object\objectClass\Fish</Filter>
    </ClCompile>
    <ClCompile Include="inventory.cpp">
      <Filter>playGround\Inventory</Filter>
    </ClCompile>
    <ClCompile Include="MouseSetting.cpp">
      <Filter>playGround\UserInterface</Filter>
    </ClCompile>
    <ClCompile Include="UserInterface.cpp">
      <Filter>playGround\UserInterface</Filter>
    </ClCompile>
    <ClCompile Include="EnemyManager.cpp">
      <Filter>playGround\Enemy</Filter>
    </ClCompile>
    <ClCompile Include="Enemy.cpp">
      <Filter>playGround\Enemy</Filter>
    </ClCompile>
    <ClCompile Include="RockStone.cpp">
      <Filter>playGround\Enemy</Filter>
    </ClCompile>
    <ClCompile Include="EnemyState.cpp">
      <Filter>playGround\Enemy</Filter>
    </ClCompile>
    <ClCompile Include="enemyTestScene.cpp">
      <Filter>playGround\Enemy</Filter>
    </ClCompile>
    <ClCompile Include="sickle.cpp">
      <Filter>playGround\Object\objectClass\ToolNoUse</Filter>
    </ClCompile>
    <ClCompile Include="item.cpp">
      <Filter>playGround\Item\item</Filter>
    </ClCompile>
    <ClCompile Include="itemManager.cpp">
      <Filter>playGround\Item\itemManager</Filter>
    </ClCompile>
    <ClCompile Include="itemNull.cpp">
      <Filter>playGround\Item\itemClass</Filter>
    </ClCompile>
    <ClCompile Include="player.cpp">
      <Filter>playGround\Player</Filter>
    </ClCompile>
    <ClCompile Include="playerState.cpp">
      <Filter>playGround\Player\playerState</Filter>
    </ClCompile>
    <ClCompile Include="gameData.cpp">
      <Filter>playGround\GameData</Filter>
    </ClCompile>
    <ClCompile Include="Map.cpp">
      <Filter>playGround\Maptool</Filter>
    </ClCompile>
    <ClCompile Include="wizard.cpp">
      <Filter>playGround\Npc</Filter>
    </ClCompile>
    <ClCompile Include="marnie.cpp">
      <Filter>playGround\Npc</Filter>
    </ClCompile>
    <ClCompile Include="npcManager.cpp">
      <Filter>playGround\Npc\NpcManager</Filter>
    </ClCompile>
    <ClCompile Include="itemAxe.cpp">
      <Filter>playGround\Item\itemClass\TOOL</Filter>
    </ClCompile>
    <ClCompile Include="itemCan.cpp">
      <Filter>playGround\Item\itemClass\TOOL</Filter>
    </ClCompile>
    <ClCompile Include="itemHoe.cpp">
      <Filter>playGround\Item\itemClass\TOOL</Filter>
    </ClCompile>
    <ClCompile Include="itemPickAxe.cpp">
      <Filter>playGround\Item\itemClass\TOOL</Filter>
    </ClCompile>
    <ClCompile Include="itemSickle.cpp">
      <Filter>playGround\Item\itemClass\TOOL</Filter>
    </ClCompile>
    <ClCompile Include="itemCauliSeed.cpp">
      <Filter>playGround\Item\itemClass\SEED</Filter>
    </ClCompile>
    <ClCompile Include="itemKaleSeed.cpp">
      <Filter>playGround\Item\itemClass\SEED</Filter>
    </ClCompile>
    <ClCompile Include="itemParsnipSeed.cpp">
      <Filter>playGround\Item\itemClass\SEED</Filter>
    </ClCompile>
    <ClCompile Include="itemPotatoSeed.cpp">
      <Filter>playGround\Item\itemClass\SEED</Filter>
    </ClCompile>
    <ClCompile Include="itemBox.cpp">
      <Filter>playGround\Item\itemClass\CRAFT_ITEM</Filter>
    </ClCompile>
    <ClCompile Include="itemCauliFlower.cpp">
      <Filter>playGround\Item\itemClass\CROP</Filter>
    </ClCompile>
    <ClCompile Include="itemGold.cpp">
      <Filter>playGround\Item\itemClass\ORE</Filter>
    </ClCompile>
    <ClCompile Include="itemCopper.cpp">
      <Filter>playGround\Item\itemClass\ORE</Filter>
    </ClCompile>
    <ClCompile Include="itemIron.cpp">
      <Filter>playGround\Item\itemClass\ORE</Filter>
    </ClCompile>
    <ClCompile Include="itemFurNance.cpp">
      <Filter>playGround\Item\itemClass\CRAFT_ITEM</Filter>
    </ClCompile>
    <ClCompile Include="itemScareCrow1.cpp">
      <Filter>playGround\Item\itemClass\CRAFT_ITEM</Filter>
    </ClCompile>
    <ClCompile Include="itemScareCrow2.cpp">
      <Filter>playGround\Item\itemClass\CRAFT_ITEM</Filter>
    </ClCompile>
    <ClCompile Include="itemTuna.cpp">
      <Filter>playGround\Item\itemClass\FISH</Filter>
    </ClCompile>
    <ClCompile Include="itemPufferFish.cpp">
      <Filter>playGround\Item\itemClass\FISH</Filter>
    </ClCompile>
    <ClCompile Include="itemHaliBut.cpp">
      <Filter>playGround\Item\itemClass\FISH</Filter>
    </ClCompile>
    <ClCompile Include="itemKale.cpp">
      <Filter>playGround\Item\itemClass\CROP</Filter>
    </ClCompile>
    <ClCompile Include="itemParsnip.cpp">
      <Filter>playGround\Item\itemClass\CROP</Filter>
    </ClCompile>
    <ClCompile Include="itemPotato.cpp">
      <Filter>playGround\Item\itemClass\CROP</Filter>
    </ClCompile>
    <ClCompile Include="itemSlingShot.cpp">
      <Filter>playGround\Item\itemClass\WEAPON</Filter>
    </ClCompile>
    <ClCompile Include="itemSword.cpp">
      <Filter>playGround\Item\itemClass\WEAPON</Filter>
    </ClCompile>
    <ClCompile Include="itemStone.cpp">
      <Filter>playGround\Item\itemClass\BASIC_RESOURCE</Filter>
    </ClCompile>
    <ClCompile Include="itemWood.cpp">
      <Filter>playGround\Item\itemClass\BASIC_RESOURCE</Filter>
    </ClCompile>
    <ClCompile Include="itemRod.cpp">
      <Filter>playGround\Item\itemClass\TOOL</Filter>
    </ClCompile>
    <ClCompile Include="stone.cpp">
      <Filter>playGround\Object\objectClass\BASIC_RESOURCE</Filter>
    </ClCompile>
    <ClCompile Include="wood.cpp">
      <Filter>playGround\Object\objectClass\BASIC_RESOURCE</Filter>
    </ClCompile>
    <ClCompile Include="gameScene.cpp">
      <Filter>playGround\Scene</Filter>
    </ClCompile>
    <ClCompile Include="Box.cpp">
      <Filter>playGround\Object\objectClass\Craf</Filter>
    </ClCompile>
    <ClCompile Include="furnance.cpp">
      <Filter>playGround\Object\objectClass\Craf</Filter>
    </ClCompile>
    <ClCompile Include="scarecrow1.cpp">
      <Filter>playGround\Object\objectClass\Craf</Filter>
    </ClCompile>
    <ClCompile Include="scarecrow2.cpp">
      <Filter>playGround\Object\objectClass\Craf</Filter>
    </ClCompile>
    <ClCompile Include="Fishing.cpp">
      <Filter>playGround\Fishing</Filter>
    </ClCompile>
    <ClCompile Include="homeMap.cpp">
      <Filter>playGround</Filter>
    </ClCompile>
    <ClCompile Include="boxInventory.cpp">
      <Filter>playGround\Object</Filter>
    </ClCompile>
  </ItemGroup>
  <ItemGroup>
    <ResourceCompile Include="WindowsAPI.rc">
      <Filter>리소스 파일</Filter>
    </ResourceCompile>
  </ItemGroup>
  <ItemGroup>
    <Image Include="small.ico">
      <Filter>리소스 파일</Filter>
    </Image>
    <Image Include="WindowsAPI.ico">
      <Filter>리소스 파일</Filter>
    </Image>
  </ItemGroup>
</Project>